{
  "version": 1,
  "dependencies": {
    "net10.0": {
      "FS.GG.Contracts": {
        "type": "Direct",
        "requested": "[7.6.0, 7.6.0]",
        "resolved": "7.6.0",
        "contentHash": "0qn8dQ0gtv/LuLfRxC3Ju+KkPciTKg0d+TRo4jgdpeyAOJJt3I9mp3EH60BPtchmjql82hlMOo9PLB46PPg3bg==",
        "dependencies": {
          "FSharp.Core": "10.1.401"
        }
      },
      "FS.GG.SDD.Artifacts": {
        "type": "Direct",
        "requested": "[2.2.0, 2.2.0]",
        "resolved": "2.2.0",
        "contentHash": "xB3z1qQm2Y0sJkvj6Ltncc9Nd1HKkQYSCtYPjFLeDyGFY97UPecmnReEugF1t+gZzu4+vep3CXKSsoHh3jJoMA==",
        "dependencies": {
          "FS.GG.Contracts": "7.6.0",
          "FSharp.Core": "10.1.401",
          "FsQuint": "[0.1.0]",
          "YamlDotNet": "18.1.0"
        }
      },
      "FS.GG.SDD.Commands": {
        "type": "Direct",
        "requested": "[2.2.0, 2.2.0]",
        "resolved": "2.2.0",
        "contentHash": "I3gwX6GGlUWjiGQTyrD2O+SqsvCiPUkSYhVSR8lMk1/P3TQ7snMYiA4q40jvRmhAFy+c59HmyEiU856HGD5gbA==",
        "dependencies": {
          "FS.GG.Audio.Skills": "0.1.0",
          "FS.GG.Contracts": "7.6.0",
          "FS.GG.Drivers": "0.98.0",
          "FS.GG.Game.Skills": "0.9.0",
          "FS.GG.Governance.Config": "0.3.0",
          "FS.GG.Rendering.Skills": "0.2.0",
          "FS.GG.SDD.Artifacts": "2.2.0",
          "FS.GG.SDD.Knowledge": "2.2.0",
          "FSharp.Core": "10.1.401",
          "FsQuint": "[0.1.0]",
          "YamlDotNet": "18.1.0"
        }
      },
      "FSharp.Core": {
        "type": "Direct",
        "requested": "[10.1.401, 10.1.401]",
        "resolved": "10.1.401",
        "contentHash": "/lvOK51KD8IangBYkfDVna3/HrE/r4VUnX3dI01KDspctoYXmind3POeoYkqWKeXHwiKlf6Hc9TxwSnoSCWcjw=="
      },
      "FS.GG.Audio.Skills": {
        "type": "Transitive",
        "resolved": "0.1.0",
        "contentHash": "y46khxa4cMAuQ1yYdQTDR+4yR9omo7ZkTkGIVAnrgZGY6xcVQ7JThVheBHkum6rQpqek3ftV/gCjU2sJNR7HEA=="
      },
      "FS.GG.Drivers": {
        "type": "Transitive",
        "resolved": "0.98.0",
        "contentHash": "6eIhj85W5Rfo3q8kmDmWj6nvKPI+QGNwnyZ6Xnx8FcWuyeL76Z4S0/kJoYC/CzMkcdud01+8kALHQE6Cn0os7w=="
      },
      "FS.GG.Game.Skills": {
        "type": "Transitive",
        "resolved": "0.9.0",
        "contentHash": "qA3f2ypjVVoaNwmwvrBsJx4VFSx1tUZ3zqv+lAd2nNaWL4nA3dNor9rS449+hRBDFr+UAzZnPBzkyrUEUrn+qg=="
      },
      "FS.GG.Governance.Config": {
        "type": "Transitive",
        "resolved": "0.3.0",
        "contentHash": "OIQjHT3DIdOoLMdUEtZn4XBBhYDQmT+Ep8Gn4/tk6ZiDPAibHhgYsRiRylaOJkKyXSqinjna7HHqOGGHzrITeg==",
        "dependencies": {
          "FS.GG.Contracts": "7.5.2",
          "FSharp.Core": "10.1.401",
          "YamlDotNet": "18.1.0"
        }
      },
      "FS.GG.Rendering.Skills": {
        "type": "Transitive",
        "resolved": "0.2.0",
        "contentHash": "VA1vB24HV1vGjjx8ySqZs7gZXVbEKdAsLglnCEhO/LyjN5Vi8gf/R+vE+R5wGxzGG6q6LUv55hDjT4th0WSvoQ=="
      },
      "FS.GG.SDD.Knowledge": {
        "type": "Transitive",
        "resolved": "2.2.0",
        "contentHash": "M3YAFvRK4fqXNsRXTUzPxK7xCQDg5/Rem0WpZj+0Bo9tcrRtqPAXV7LH7cYRH2IYtSdBkKIzskZbfVkf2RrHOA==",
        "dependencies": {
          "FSharp.Core": "10.1.401"
        }
      },
      "FsQuint": {
        "type": "Transitive",
        "resolved": "0.1.0",
        "contentHash": "S1dCVHdcLRdXmZnjCOk+nJLhjO3acz705bEeQm2cBrwxiEsDpVj7PD8tECcKo/Bzpbw5ZOI4bLMWdlqSkISsbg==",
        "dependencies": {
          "FSharp.Core": "10.1.302"
        }
      },
      "YamlDotNet": {
        "type": "Transitive",
        "resolved": "18.1.0",
        "contentHash": "5K+9KFg2TdTl7VXv88Qzi/0lqK6JFoNP3lRuImPYGRV7K/QYklDyTrj4+A+KAki1JsQi6qKY+hDyY7d6WRqjrw=="
      }
    }
  }
}