{
  "version": 2,
  "dependencies": {
    "net10.0": {
      "FS.GG.Contracts": {
        "type": "Direct",
        "requested": "[7.6.0, 7.6.0]",
        "resolved": "7.6.0",
        "contentHash": "0qn8dQ0gtv/LuLfRxC3Ju+KkPciTKg0d+TRo4jgdpeyAOJJt3I9mp3EH60BPtchmjql82hlMOo9PLB46PPg3bg==",
        "dependencies": {
          "FSharp.Core": "10.1.401"
        }
      },
      "FSharp.Core": {
        "type": "Direct",
        "requested": "[10.1.401, )",
        "resolved": "10.1.401",
        "contentHash": "/lvOK51KD8IangBYkfDVna3/HrE/r4VUnX3dI01KDspctoYXmind3POeoYkqWKeXHwiKlf6Hc9TxwSnoSCWcjw=="
      },
      "Spectre.Console": {
        "type": "Direct",
        "requested": "[0.57.2, )",
        "resolved": "0.57.2",
        "contentHash": "wzsB+P9i6F9G+cFOJxRotCiQWNSzZVAMxi8YMiHlGXXU1JLMXGp7zSSqBMmROZS2bzpK5jk+Saa7Evp8HwqhKg==",
        "dependencies": {
          "Spectre.Console.Ansi": "0.57.2"
        }
      },
      "Spectre.Console.Ansi": {
        "type": "Transitive",
        "resolved": "0.57.2",
        "contentHash": "Y1+u73shwP+JYHmrkdN6bSt2kaGBEAafhi2nrecczbXdFRey+k7J/WF9YPfcB0rqivv2S8fmif6FSBq9m/AFvw=="
      },
      "fs.gg.sdd.artifacts": {
        "type": "Project",
        "dependencies": {
          "FS.GG.Contracts": "[7.6.0, 7.6.0]",
          "FSharp.Core": "[10.1.401, )",
          "FsQuint": "[0.1.0, 0.1.0]",
          "YamlDotNet": "[18.1.0, )"
        }
      },
      "fs.gg.sdd.commands": {
        "type": "Project",
        "dependencies": {
          "FS.GG.Audio.Skills": "[0.1.0, )",
          "FS.GG.Contracts": "[7.6.0, 7.6.0]",
          "FS.GG.Drivers": "[0.98.0, )",
          "FS.GG.Game.Skills": "[0.9.0, )",
          "FS.GG.Governance.Config": "[0.3.0, )",
          "FS.GG.Rendering.Skills": "[0.2.0, )",
          "FS.GG.SDD.Artifacts": "[2.3.0, )",
          "FS.GG.SDD.Knowledge": "[2.3.0, )",
          "FSharp.Core": "[10.1.401, )"
        }
      },
      "fs.gg.sdd.knowledge": {
        "type": "Project",
        "dependencies": {
          "FSharp.Core": "[10.1.401, )"
        }
      },
      "fs.gg.sdd.validation": {
        "type": "Project",
        "dependencies": {
          "FS.GG.SDD.Artifacts": "[2.3.0, )",
          "FS.GG.SDD.Commands": "[2.3.0, )",
          "FSharp.Core": "[10.1.401, )"
        }
      },
      "FS.GG.Audio.Skills": {
        "type": "CentralTransitive",
        "requested": "[0.1.0, )",
        "resolved": "0.1.0",
        "contentHash": "y46khxa4cMAuQ1yYdQTDR+4yR9omo7ZkTkGIVAnrgZGY6xcVQ7JThVheBHkum6rQpqek3ftV/gCjU2sJNR7HEA=="
      },
      "FS.GG.Drivers": {
        "type": "CentralTransitive",
        "requested": "[0.98.0, )",
        "resolved": "0.98.0",
        "contentHash": "6eIhj85W5Rfo3q8kmDmWj6nvKPI+QGNwnyZ6Xnx8FcWuyeL76Z4S0/kJoYC/CzMkcdud01+8kALHQE6Cn0os7w=="
      },
      "FS.GG.Game.Skills": {
        "type": "CentralTransitive",
        "requested": "[0.9.0, )",
        "resolved": "0.9.0",
        "contentHash": "qA3f2ypjVVoaNwmwvrBsJx4VFSx1tUZ3zqv+lAd2nNaWL4nA3dNor9rS449+hRBDFr+UAzZnPBzkyrUEUrn+qg=="
      },
      "FS.GG.Governance.Config": {
        "type": "CentralTransitive",
        "requested": "[0.3.0, )",
        "resolved": "0.3.0",
        "contentHash": "b4+NGANr4wLkrh+OEphAahsbjXtQMhU9mZZFOd/QGPcgcmXm/Y2wFtP2PkWLBqDTFRxQchiQ/QNbUVNUtGKBaQ==",
        "dependencies": {
          "FS.GG.Contracts": "7.6.0",
          "FSharp.Core": "10.1.401",
          "YamlDotNet": "18.1.0"
        }
      },
      "FS.GG.Rendering.Skills": {
        "type": "CentralTransitive",
        "requested": "[0.2.0, )",
        "resolved": "0.2.0",
        "contentHash": "VA1vB24HV1vGjjx8ySqZs7gZXVbEKdAsLglnCEhO/LyjN5Vi8gf/R+vE+R5wGxzGG6q6LUv55hDjT4th0WSvoQ=="
      },
      "FsQuint": {
        "type": "CentralTransitive",
        "requested": "[0.1.0, 0.1.0]",
        "resolved": "0.1.0",
        "contentHash": "S1dCVHdcLRdXmZnjCOk+nJLhjO3acz705bEeQm2cBrwxiEsDpVj7PD8tECcKo/Bzpbw5ZOI4bLMWdlqSkISsbg==",
        "dependencies": {
          "FSharp.Core": "10.1.302"
        }
      },
      "YamlDotNet": {
        "type": "CentralTransitive",
        "requested": "[18.1.0, )",
        "resolved": "18.1.0",
        "contentHash": "5K+9KFg2TdTl7VXv88Qzi/0lqK6JFoNP3lRuImPYGRV7K/QYklDyTrj4+A+KAki1JsQi6qKY+hDyY7d6WRqjrw=="
      }
    }
  }
}