{
  "version": 2,
  "dependencies": {
    "net10.0": {
      "FSharp.Core": {
        "type": "Direct",
        "requested": "[10.1.302, )",
        "resolved": "10.1.302",
        "contentHash": "bN7XMQrAQg1dyHScJ7FcsznERBkvm74LtIo1O6C5mUzgbDqSwNbDpb3+nBGaJAjDmtC/suK5Vx5pFysKY6Hm+Q=="
      },
      "fs.gg.contracts": {
        "type": "Project",
        "dependencies": {
          "FSharp.Core": "[10.1.302, )"
        }
      },
      "fs.gg.sdd.artifacts": {
        "type": "Project",
        "dependencies": {
          "FS.GG.Contracts": "[5.0.1, )",
          "FSharp.Core": "[10.1.302, )",
          "YamlDotNet": "[18.1.0, )"
        }
      },
      "fs.gg.sdd.commands": {
        "type": "Project",
        "dependencies": {
          "FS.GG.Contracts": "[5.0.1, )",
          "FS.GG.Drivers": "[0.2.0, )",
          "FS.GG.Game.Skills": "[0.2.0, )",
          "FS.GG.SDD.Artifacts": "[0.23.0, )",
          "FSharp.Core": "[10.1.302, )"
        }
      },
      "FS.GG.Drivers": {
        "type": "CentralTransitive",
        "requested": "[0.2.0, )",
        "resolved": "0.2.0",
        "contentHash": "gNO9pz97IkvfhJoRghMqgaKNgm1wgRReOjAWHQkEN0hGj6Xyz1SCSEOk3/4vEByncwFuXsWqN4CIyyU6aHpWvg=="
      },
      "FS.GG.Game.Skills": {
        "type": "CentralTransitive",
        "requested": "[0.2.0, )",
        "resolved": "0.2.0",
        "contentHash": "c0C9QW9DH78HB+i0Q3MlN04ZGR2YDQUGIrZOkSIkrnJyq5oGTllz1rloThwkx10GaI9fCYn1WSNObLlGN8oSDQ=="
      },
      "YamlDotNet": {
        "type": "CentralTransitive",
        "requested": "[18.1.0, )",
        "resolved": "18.1.0",
        "contentHash": "5K+9KFg2TdTl7VXv88Qzi/0lqK6JFoNP3lRuImPYGRV7K/QYklDyTrj4+A+KAki1JsQi6qKY+hDyY7d6WRqjrw=="
      }
    }
  }
}