{
  "name": "polyglot-fable-bindings-acceptance",
  "lockfileVersion": 3,
  "requires": true,
  "packages": {
    "": {
      "name": "polyglot-fable-bindings-acceptance",
      "dependencies": {
        "@fable-org/fable-library-js": "^2.0.0"
      }
    },
    "node_modules/@fable-org/fable-library-js": {
      "version": "2.5.1",
      "resolved": "https://registry.npmjs.org/@fable-org/fable-library-js/-/fable-library-js-2.5.1.tgz",
      "integrity": "sha512-dU9ehFhU9WgQQf0R8+NwfC6JMVy/TUOoFfMCkjEkD8VFa9LMCJzdzfz/1TIPi4L39s/Iqo71QfWPeCU3U7h1jA==",
      "license": "MIT"
    }
  }
}
