{
  "version": 2,
  "dependencies": {
    "net10.0": {
      "FS.GG.Drivers": {
        "type": "Direct",
        "requested": "[0.1.0, )",
        "resolved": "0.1.0",
        "contentHash": "efRxz/mKIvMr/gIHdE9DuAxfxjoOTAXPOstAh9ZstFuQB9hO4kPG9/DegsjEzgsT7ab7iCDxHMm/5gYLGGke+g=="
      },
      "FS.GG.Game.Skills": {
        "type": "Direct",
        "requested": "[0.1.0, )",
        "resolved": "0.1.0",
        "contentHash": "CcgEUeguTZj5DGyQUncwzMdMsFvuL7pLtUFR933TzwIZFk8jOP+4XOWSfLZp6oePXf+Azpl33I+moZH6YEKARQ=="
      },
      "FSharp.Core": {
        "type": "Direct",
        "requested": "[10.1.302, )",
        "resolved": "10.1.302",
        "contentHash": "bN7XMQrAQg1dyHScJ7FcsznERBkvm74LtIo1O6C5mUzgbDqSwNbDpb3+nBGaJAjDmtC/suK5Vx5pFysKY6Hm+Q=="
      },
      "fs.gg.contracts": {
        "type": "Project",
        "dependencies": {
          "FSharp.Core": "[10.1.302, )"
        }
      },
      "fs.gg.sdd.artifacts": {
        "type": "Project",
        "dependencies": {
          "FS.GG.Contracts": "[5.0.1, )",
          "FSharp.Core": "[10.1.302, )",
          "YamlDotNet": "[18.1.0, )"
        }
      },
      "YamlDotNet": {
        "type": "CentralTransitive",
        "requested": "[18.1.0, )",
        "resolved": "18.1.0",
        "contentHash": "5K+9KFg2TdTl7VXv88Qzi/0lqK6JFoNP3lRuImPYGRV7K/QYklDyTrj4+A+KAki1JsQi6qKY+hDyY7d6WRqjrw=="
      }
    }
  }
}