{
  "version": 2,
  "dependencies": {
    "net10.0": {
      "FS.GG.Drivers": {
        "type": "Direct",
        "requested": "[0.16.1, )",
        "resolved": "0.16.1",
        "contentHash": "TtAzIz6soMpb/ekqnK+XZyicGtz77yRE5HtVM0OhYiIa4fjInuq5ojCH1KVQ+po3jOcatGqRAgDkHA0TzBaxFw=="
      },
      "FS.GG.Game.Skills": {
        "type": "Direct",
        "requested": "[0.7.0, )",
        "resolved": "0.7.0",
        "contentHash": "XxWHqYPxezfZcY7wXkUE3KGzl8dak7eViir0TRCouSVgSkBbVkD8/UxXLZUyGcsTaz5dMM/jBtbsAE6TqGJEhA=="
      },
      "FS.GG.Rendering.Skills": {
        "type": "Direct",
        "requested": "[0.1.0, )",
        "resolved": "0.1.0",
        "contentHash": "m+lXFYPFTrN48Mez68g4/oJFIG1cmYEjlSsb60KrOdgBJ1TEiDfAqbbOSFrytqOUoECBE7IrRG0pdB8DHonDog=="
      },
      "FSharp.Core": {
        "type": "Direct",
        "requested": "[10.1.302, )",
        "resolved": "10.1.302",
        "contentHash": "bN7XMQrAQg1dyHScJ7FcsznERBkvm74LtIo1O6C5mUzgbDqSwNbDpb3+nBGaJAjDmtC/suK5Vx5pFysKY6Hm+Q=="
      },
      "fs.gg.contracts": {
        "type": "Project",
        "dependencies": {
          "FSharp.Core": "[10.1.302, )"
        }
      },
      "fs.gg.sdd.artifacts": {
        "type": "Project",
        "dependencies": {
          "FS.GG.Contracts": "[7.5.2, )",
          "FSharp.Core": "[10.1.302, )",
          "YamlDotNet": "[18.1.0, )"
        }
      },
      "YamlDotNet": {
        "type": "CentralTransitive",
        "requested": "[18.1.0, )",
        "resolved": "18.1.0",
        "contentHash": "5K+9KFg2TdTl7VXv88Qzi/0lqK6JFoNP3lRuImPYGRV7K/QYklDyTrj4+A+KAki1JsQi6qKY+hDyY7d6WRqjrw=="
      }
    }
  }
}