{
  "version": 2,
  "dependencies": {
    "net10.0": {
      "FS.GG.Audio.Skills": {
        "type": "Direct",
        "requested": "[0.1.0, )",
        "resolved": "0.1.0",
        "contentHash": "y46khxa4cMAuQ1yYdQTDR+4yR9omo7ZkTkGIVAnrgZGY6xcVQ7JThVheBHkum6rQpqek3ftV/gCjU2sJNR7HEA=="
      },
      "FS.GG.Drivers": {
        "type": "Direct",
        "requested": "[0.90.0, )",
        "resolved": "0.90.0",
        "contentHash": "ztSesJ4Bo9I7BR2vjwBCaNGj2fxOcIXlRz1t5A4i/vUwLU/V/FwhXjNWYTyL/BK7pHLFX50S1riMrp5OMEZ98Q=="
      },
      "FS.GG.Game.Skills": {
        "type": "Direct",
        "requested": "[0.9.0, )",
        "resolved": "0.9.0",
        "contentHash": "qA3f2ypjVVoaNwmwvrBsJx4VFSx1tUZ3zqv+lAd2nNaWL4nA3dNor9rS449+hRBDFr+UAzZnPBzkyrUEUrn+qg=="
      },
      "FS.GG.Rendering.Skills": {
        "type": "Direct",
        "requested": "[0.2.0, )",
        "resolved": "0.2.0",
        "contentHash": "VA1vB24HV1vGjjx8ySqZs7gZXVbEKdAsLglnCEhO/LyjN5Vi8gf/R+vE+R5wGxzGG6q6LUv55hDjT4th0WSvoQ=="
      },
      "FSharp.Core": {
        "type": "Direct",
        "requested": "[10.1.302, )",
        "resolved": "10.1.302",
        "contentHash": "wFeXgAqIWoV1Hr++7HjtlmKGA/ft9/1XAJIvOtDNDYGuKyr+/k7b11ZEnj0aNNjicpHSsRsOcubgTqiDI12EUg=="
      },
      "fs.gg.contracts": {
        "type": "Project",
        "dependencies": {
          "FSharp.Core": "[10.1.302, )"
        }
      },
      "fs.gg.sdd.artifacts": {
        "type": "Project",
        "dependencies": {
          "FS.GG.Contracts": "[7.5.2, )",
          "FSharp.Core": "[10.1.302, )",
          "YamlDotNet": "[18.1.0, )"
        }
      },
      "YamlDotNet": {
        "type": "CentralTransitive",
        "requested": "[18.1.0, )",
        "resolved": "18.1.0",
        "contentHash": "5K+9KFg2TdTl7VXv88Qzi/0lqK6JFoNP3lRuImPYGRV7K/QYklDyTrj4+A+KAki1JsQi6qKY+hDyY7d6WRqjrw=="
      }
    }
  }
}